// !$*UTF8*$!
{
	archiveVersion = 1;
	classes = {
	};
	objectVersion = 77;
	objects = {

/* Begin PBXBuildFile section */
		34D6A2A22D554BA9008EB2B9 /* Preview Assets.xcassets in Resources */ = {isa = PBXBuildFile; fileRef = 34D6A2992D554BA9008EB2B9 /* Preview Assets.xcassets */; };
		34D6A2A32D554BA9008EB2B9 /* Assets.xcassets in Resources */ = {isa = PBXBuildFile; fileRef = 34D6A29E2D554BA9008EB2B9 /* Assets.xcassets */; };
		34D6A2A62D554BA9008EB2B9 /* PetList.swift in Sources */ = {isa = PBXBuildFile; fileRef = 34D6A2972D554BA9008EB2B9 /* PetList.swift */; };
		34D6A2A72D554BA9008EB2B9 /* MeusPetsView.swift in Sources */ = {isa = PBXBuildFile; fileRef = 34D6A29B2D554BA9008EB2B9 /* MeusPetsView.swift */; };
		34D6A2A92D554BA9008EB2B9 /* petsAppApp.swift in Sources */ = {isa = PBXBuildFile; fileRef = 34D6A2A02D554BA9008EB2B9 /* petsAppApp.swift */; };
		4C214BAC2D5FD6CD00F019B0 /* PetCardView.swift in Sources */ = {isa = PBXBuildFile; fileRef = 4C214BAB2D5FD6CD00F019B0 /* PetCardView.swift */; };
		4C214BAD2D5FD7AB00F019B0 /* PetModel.swift in Sources */ = {isa = PBXBuildFile; fileRef = 4C214BA82D5FD60A00F019B0 /* PetModel.swift */; };
		4C7CA82B2D6D2C5A00E56258 /* AdicionarPet.swift in Sources */ = {isa = PBXBuildFile; fileRef = 4C7CA82A2D6D2C5A00E56258 /* AdicionarPet.swift */; };
		4C7CA82E2D6D2D2D00E56258 /* Detalhes.swift in Sources */ = {isa = PBXBuildFile; fileRef = 4C7CA82D2D6D2D2D00E56258 /* Detalhes.swift */; };
		8140EA682D5D79BD00EBA8B1 /* ButtonAdd.swift in Sources */ = {isa = PBXBuildFile; fileRef = 8140EA672D5D79BD00EBA8B1 /* ButtonAdd.swift */; };
		81FCC0D42D6FC9BD00B6DCBD /* InputPetModal.swift in Sources */ = {isa = PBXBuildFile; fileRef = 81FCC0D32D6FC9BD00B6DCBD /* InputPetModal.swift */; };
		81FCC0D62D6FCE7A00B6DCBD /* InputModel.swift in Sources */ = {isa = PBXBuildFile; fileRef = 81FCC0D52D6FCE7500B6DCBD /* InputModel.swift */; };
		81FCC1342D811EC400B6DCBD /* Lembretes.swift in Sources */ = {isa = PBXBuildFile; fileRef = 81FCC1332D811EC400B6DCBD /* Lembretes.swift */; };
		81FCC13D2D84E51000B6DCBD /* README.md in Resources */ = {isa = PBXBuildFile; fileRef = 81FCC13C2D84E50500B6DCBD /* README.md */; };
/* End PBXBuildFile section */

/* Begin PBXContainerItemProxy section */
		81A326532D53F12B002060D3 /* PBXContainerItemProxy */ = {
			isa = PBXContainerItemProxy;
			containerPortal = 81A3263A2D53F12A002060D3 /* Project object */;
			proxyType = 1;
			remoteGlobalIDString = 81A326412D53F12A002060D3;
			remoteInfo = petsApp;
		};
		81A3265D2D53F12B002060D3 /* PBXContainerItemProxy */ = {
			isa = PBXContainerItemProxy;
			containerPortal = 81A3263A2D53F12A002060D3 /* Project object */;
			proxyType = 1;
			remoteGlobalIDString = 81A326412D53F12A002060D3;
			remoteInfo = petsApp;
		};
/* End PBXContainerItemProxy section */

/* Begin PBXFileReference section */
		34D6A2972D554BA9008EB2B9 /* PetList.swift */ = {isa = PBXFileReference; lastKnownFileType = sourcecode.swift; path = PetList.swift; sourceTree = "<group>"; };
		34D6A2992D554BA9008EB2B9 /* Preview Assets.xcassets */ = {isa = PBXFileReference; lastKnownFileType = folder.assetcatalog; path = "Preview Assets.xcassets"; sourceTree = "<group>"; };
		34D6A29B2D554BA9008EB2B9 /* MeusPetsView.swift */ = {isa = PBXFileReference; lastKnownFileType = sourcecode.swift; path = MeusPetsView.swift; sourceTree = "<group>"; };
		34D6A29E2D554BA9008EB2B9 /* Assets.xcassets */ = {isa = PBXFileReference; lastKnownFileType = folder.assetcatalog; path = Assets.xcassets; sourceTree = "<group>"; };
		34D6A2A02D554BA9008EB2B9 /* petsAppApp.swift */ = {isa = PBXFileReference; lastKnownFileType = sourcecode.swift; path = petsAppApp.swift; sourceTree = "<group>"; };
		4C214BA82D5FD60A00F019B0 /* PetModel.swift */ = {isa = PBXFileReference; lastKnownFileType = sourcecode.swift; path = PetModel.swift; sourceTree = "<group>"; };
		4C214BAB2D5FD6CD00F019B0 /* PetCardView.swift */ = {isa = PBXFileReference; lastKnownFileType = sourcecode.swift; path = PetCardView.swift; sourceTree = "<group>"; };
		4C7CA82A2D6D2C5A00E56258 /* AdicionarPet.swift */ = {isa = PBXFileReference; lastKnownFileType = sourcecode.swift; path = AdicionarPet.swift; sourceTree = "<group>"; };
		4C7CA82D2D6D2D2D00E56258 /* Detalhes.swift */ = {isa = PBXFileReference; lastKnownFileType = sourcecode.swift; path = Detalhes.swift; sourceTree = "<group>"; };
		8140EA672D5D79BD00EBA8B1 /* ButtonAdd.swift */ = {isa = PBXFileReference; lastKnownFileType = sourcecode.swift; path = ButtonAdd.swift; sourceTree = "<group>"; };
		81A326422D53F12A002060D3 /* petsApp.app */ = {isa = PBXFileReference; explicitFileType = wrapper.application; includeInIndex = 0; path = petsApp.app; sourceTree = BUILT_PRODUCTS_DIR; };
		81A326522D53F12B002060D3 /* petsAppTests.xctest */ = {isa = PBXFileReference; explicitFileType = wrapper.cfbundle; includeInIndex = 0; path = petsAppTests.xctest; sourceTree = BUILT_PRODUCTS_DIR; };
		81A3265C2D53F12B002060D3 /* petsAppUITests.xctest */ = {isa = PBXFileReference; explicitFileType = wrapper.cfbundle; includeInIndex = 0; path = petsAppUITests.xctest; sourceTree = BUILT_PRODUCTS_DIR; };
		81FCC0D32D6FC9BD00B6DCBD /* InputPetModal.swift */ = {isa = PBXFileReference; lastKnownFileType = sourcecode.swift; path = InputPetModal.swift; sourceTree = "<group>"; };
		81FCC0D52D6FCE7500B6DCBD /* InputModel.swift */ = {isa = PBXFileReference; lastKnownFileType = sourcecode.swift; path = InputModel.swift; sourceTree = "<group>"; };
		81FCC1332D811EC400B6DCBD /* Lembretes.swift */ = {isa = PBXFileReference; lastKnownFileType = sourcecode.swift; path = Lembretes.swift; sourceTree = "<group>"; };
		81FCC13C2D84E50500B6DCBD /* README.md */ = {isa = PBXFileReference; lastKnownFileType = net.daringfireball.markdown; path = README.md; sourceTree = "<group>"; };
/* End PBXFileReference section */

/* Begin PBXFileSystemSynchronizedRootGroup section */
		81A326552D53F12B002060D3 /* petsAppTests */ = {
			isa = PBXFileSystemSynchronizedRootGroup;
			path = petsAppTests;
			sourceTree = "<group>";
		};
		81A3265F2D53F12B002060D3 /* petsAppUITests */ = {
			isa = PBXFileSystemSynchronizedRootGroup;
			path = petsAppUITests;
			sourceTree = "<group>";
		};
/* End PBXFileSystemSynchronizedRootGroup section */

/* Begin PBXFrameworksBuildPhase section */
		81A3263F2D53F12A002060D3 /* Frameworks */ = {
			isa = PBXFrameworksBuildPhase;
			buildActionMask = 2147483647;
			files = (
			);
			runOnlyForDeploymentPostprocessing = 0;
		};
		81A3264F2D53F12B002060D3 /* Frameworks */ = {
			isa = PBXFrameworksBuildPhase;
			buildActionMask = 2147483647;
			files = (
			);
			runOnlyForDeploymentPostprocessing = 0;
		};
		81A326592D53F12B002060D3 /* Frameworks */ = {
			isa = PBXFrameworksBuildPhase;
			buildActionMask = 2147483647;
			files = (
			);
			runOnlyForDeploymentPostprocessing = 0;
		};
/* End PBXFrameworksBuildPhase section */

/* Begin PBXGroup section */
		34D6A29A2D554BA9008EB2B9 /* Preview Content */ = {
			isa = PBXGroup;
			children = (
				34D6A2992D554BA9008EB2B9 /* Preview Assets.xcassets */,
			);
			path = "Preview Content";
			sourceTree = "<group>";
		};
		34D6A29C2D554BA9008EB2B9 /* MeusPets */ = {
			isa = PBXGroup;
			children = (
				4C7CA8272D6D2A9B00E56258 /* Model */,
				4C7CA8262D6D29D900E56258 /* View */,
				34D6A2AD2D554C37008EB2B9 /* Components */,
			);
			path = MeusPets;
			sourceTree = "<group>";
		};
		34D6A2A12D554BA9008EB2B9 /* petsApp */ = {
			isa = PBXGroup;
			children = (
				4C7CA8242D6D292D00E56258 /* Resources */,
				4C7CA8212D6D28F300E56258 /* App */,
				34D6A29A2D554BA9008EB2B9 /* Preview Content */,
				34D6A2A02D554BA9008EB2B9 /* petsAppApp.swift */,
			);
			path = petsApp;
			sourceTree = "<group>";
		};
		34D6A2AD2D554C37008EB2B9 /* Components */ = {
			isa = PBXGroup;
			children = (
				4C214BAB2D5FD6CD00F019B0 /* PetCardView.swift */,
				34D6A2972D554BA9008EB2B9 /* PetList.swift */,
				8140EA672D5D79BD00EBA8B1 /* ButtonAdd.swift */,
				81FCC0D32D6FC9BD00B6DCBD /* InputPetModal.swift */,
			);
			path = Components;
			sourceTree = "<group>";
		};
		4C7CA8212D6D28F300E56258 /* App */ = {
			isa = PBXGroup;
			children = (
				4C7CA8222D6D28FB00E56258 /* Features */,
			);
			path = App;
			sourceTree = "<group>";
		};
		4C7CA8222D6D28FB00E56258 /* Features */ = {
			isa = PBXGroup;
			children = (
				4C7CA82C2D6D2D1E00E56258 /* Detalhes do Pet */,
				4C7CA8292D6D2C4700E56258 /* Adicionar Pet */,
				34D6A29C2D554BA9008EB2B9 /* MeusPets */,
			);
			path = Features;
			sourceTree = "<group>";
		};
		4C7CA8242D6D292D00E56258 /* Resources */ = {
			isa = PBXGroup;
			children = (
				4C7CA8252D6D293500E56258 /* Fonts */,
				34D6A29E2D554BA9008EB2B9 /* Assets.xcassets */,
			);
			path = Resources;
			sourceTree = "<group>";
		};
		4C7CA8252D6D293500E56258 /* Fonts */ = {
			isa = PBXGroup;
			children = (
			);
			path = Fonts;
			sourceTree = "<group>";
		};
		4C7CA8262D6D29D900E56258 /* View */ = {
			isa = PBXGroup;
			children = (
				34D6A29B2D554BA9008EB2B9 /* MeusPetsView.swift */,
			);
			path = View;
			sourceTree = "<group>";
		};
		4C7CA8272D6D2A9B00E56258 /* Model */ = {
			isa = PBXGroup;
			children = (
				81FCC0D52D6FCE7500B6DCBD /* InputModel.swift */,
				4C214BA82D5FD60A00F019B0 /* PetModel.swift */,
			);
			path = Model;
			sourceTree = "<group>";
		};
		4C7CA8292D6D2C4700E56258 /* Adicionar Pet */ = {
			isa = PBXGroup;
			children = (
				4C7CA82A2D6D2C5A00E56258 /* AdicionarPet.swift */,
			);
			path = "Adicionar Pet";
			sourceTree = "<group>";
		};
		4C7CA82C2D6D2D1E00E56258 /* Detalhes do Pet */ = {
			isa = PBXGroup;
			children = (
				4C7CA82D2D6D2D2D00E56258 /* Detalhes.swift */,
				81FCC1332D811EC400B6DCBD /* Lembretes.swift */,
			);
			path = "Detalhes do Pet";
			sourceTree = "<group>";
		};
		81A326392D53F12A002060D3 = {
			isa = PBXGroup;
			children = (
				81FCC13C2D84E50500B6DCBD /* README.md */,
				34D6A2A12D554BA9008EB2B9 /* petsApp */,
				81A326552D53F12B002060D3 /* petsAppTests */,
				81A3265F2D53F12B002060D3 /* petsAppUITests */,
				81A326432D53F12A002060D3 /* Products */,
			);
			sourceTree = "<group>";
		};
		81A326432D53F12A002060D3 /* Products */ = {
			isa = PBXGroup;
			children = (
				81A326422D53F12A002060D3 /* petsApp.app */,
				81A326522D53F12B002060D3 /* petsAppTests.xctest */,
				81A3265C2D53F12B002060D3 /* petsAppUITests.xctest */,
			);
			name = Products;
			sourceTree = "<group>";
		};
/* End PBXGroup section */

/* Begin PBXNativeTarget section */
		81A326412D53F12A002060D3 /* petsApp */ = {
			isa = PBXNativeTarget;
			buildConfigurationList = 81A326662D53F12B002060D3 /* Build configuration list for PBXNativeTarget "petsApp" */;
			buildPhases = (
				81A3263E2D53F12A002060D3 /* Sources */,
				81A3263F2D53F12A002060D3 /* Frameworks */,
				81A326402D53F12A002060D3 /* Resources */,
			);
			buildRules = (
			);
			dependencies = (
			);
			name = petsApp;
			packageProductDependencies = (
			);
			productName = petsApp;
			productReference = 81A326422D53F12A002060D3 /* petsApp.app */;
			productType = "com.apple.product-type.application";
		};
		81A326512D53F12B002060D3 /* petsAppTests */ = {
			isa = PBXNativeTarget;
			buildConfigurationList = 81A326692D53F12B002060D3 /* Build configuration list for PBXNativeTarget "petsAppTests" */;
			buildPhases = (
				81A3264E2D53F12B002060D3 /* Sources */,
				81A3264F2D53F12B002060D3 /* Frameworks */,
				81A326502D53F12B002060D3 /* Resources */,
			);
			buildRules = (
			);
			dependencies = (
				81A326542D53F12B002060D3 /* PBXTargetDependency */,
			);
			fileSystemSynchronizedGroups = (
				81A326552D53F12B002060D3 /* petsAppTests */,
			);
			name = petsAppTests;
			packageProductDependencies = (
			);
			productName = petsAppTests;
			productReference = 81A326522D53F12B002060D3 /* petsAppTests.xctest */;
			productType = "com.apple.product-type.bundle.unit-test";
		};
		81A3265B2D53F12B002060D3 /* petsAppUITests */ = {
			isa = PBXNativeTarget;
			buildConfigurationList = 81A3266C2D53F12B002060D3 /* Build configuration list for PBXNativeTarget "petsAppUITests" */;
			buildPhases = (
				81A326582D53F12B002060D3 /* Sources */,
				81A326592D53F12B002060D3 /* Frameworks */,
				81A3265A2D53F12B002060D3 /* Resources */,
			);
			buildRules = (
			);
			dependencies = (
				81A3265E2D53F12B002060D3 /* PBXTargetDependency */,
			);
			fileSystemSynchronizedGroups = (
				81A3265F2D53F12B002060D3 /* petsAppUITests */,
			);
			name = petsAppUITests;
			packageProductDependencies = (
			);
			productName = petsAppUITests;
			productReference = 81A3265C2D53F12B002060D3 /* petsAppUITests.xctest */;
			productType = "com.apple.product-type.bundle.ui-testing";
		};
/* End PBXNativeTarget section */

/* Begin PBXProject section */
		81A3263A2D53F12A002060D3 /* Project object */ = {
			isa = PBXProject;
			attributes = {
				BuildIndependentTargetsInParallel = 1;
				LastSwiftUpdateCheck = 1610;
				LastUpgradeCheck = 1610;
				TargetAttributes = {
					81A326412D53F12A002060D3 = {
						CreatedOnToolsVersion = 16.1;
					};
					81A326512D53F12B002060D3 = {
						CreatedOnToolsVersion = 16.1;
						TestTargetID = 81A326412D53F12A002060D3;
					};
					81A3265B2D53F12B002060D3 = {
						CreatedOnToolsVersion = 16.1;
						TestTargetID = 81A326412D53F12A002060D3;
					};
				};
			};
			buildConfigurationList = 81A3263D2D53F12A002060D3 /* Build configuration list for PBXProject "petsApp" */;
			developmentRegion = en;
			hasScannedForEncodings = 0;
			knownRegions = (
				en,
				Base,
			);
			mainGroup = 81A326392D53F12A002060D3;
			minimizedProjectReferenceProxies = 1;
			preferredProjectObjectVersion = 77;
			productRefGroup = 81A326432D53F12A002060D3 /* Products */;
			projectDirPath = "";
			projectRoot = "";
			targets = (
				81A326412D53F12A002060D3 /* petsApp */,
				81A326512D53F12B002060D3 /* petsAppTests */,
				81A3265B2D53F12B002060D3 /* petsAppUITests */,
			);
		};
/* End PBXProject section */

/* Begin PBXResourcesBuildPhase section */
		81A326402D53F12A002060D3 /* Resources */ = {
			isa = PBXResourcesBuildPhase;
			buildActionMask = 2147483647;
			files = (
				34D6A2A22D554BA9008EB2B9 /* Preview Assets.xcassets in Resources */,
				34D6A2A32D554BA9008EB2B9 /* Assets.xcassets in Resources */,
			);
			runOnlyForDeploymentPostprocessing = 0;
		};
		81A326502D53F12B002060D3 /* Resources */ = {
			isa = PBXResourcesBuildPhase;
			buildActionMask = 2147483647;
			files = (
				81FCC13D2D84E51000B6DCBD /* README.md in Resources */,
			);
			runOnlyForDeploymentPostprocessing = 0;
		};
		81A3265A2D53F12B002060D3 /* Resources */ = {
			isa = PBXResourcesBuildPhase;
			buildActionMask = 2147483647;
			files = (
			);
			runOnlyForDeploymentPostprocessing = 0;
		};
/* End PBXResourcesBuildPhase section */

/* Begin PBXSourcesBuildPhase section */
		81A3263E2D53F12A002060D3 /* Sources */ = {
			isa = PBXSourcesBuildPhase;
			buildActionMask = 2147483647;
			files = (
				4C7CA82E2D6D2D2D00E56258 /* Detalhes.swift in Sources */,
				81FCC1342D811EC400B6DCBD /* Lembretes.swift in Sources */,
				4C214BAD2D5FD7AB00F019B0 /* PetModel.swift in Sources */,
				4C7CA82B2D6D2C5A00E56258 /* AdicionarPet.swift in Sources */,
				4C214BAC2D5FD6CD00F019B0 /* PetCardView.swift in Sources */,
				34D6A2A62D554BA9008EB2B9 /* PetList.swift in Sources */,
				34D6A2A72D554BA9008EB2B9 /* MeusPetsView.swift in Sources */,
				81FCC0D62D6FCE7A00B6DCBD /* InputModel.swift in Sources */,
				34D6A2A92D554BA9008EB2B9 /* petsAppApp.swift in Sources */,
				8140EA682D5D79BD00EBA8B1 /* ButtonAdd.swift in Sources */,
				81FCC0D42D6FC9BD00B6DCBD /* InputPetModal.swift in Sources */,
			);
			runOnlyForDeploymentPostprocessing = 0;
		};
		81A3264E2D53F12B002060D3 /* Sources */ = {
			isa = PBXSourcesBuildPhase;
			buildActionMask = 2147483647;
			files = (
			);
			runOnlyForDeploymentPostprocessing = 0;
		};
		81A326582D53F12B002060D3 /* Sources */ = {
			isa = PBXSourcesBuildPhase;
			buildActionMask = 2147483647;
			files = (
			);
			runOnlyForDeploymentPostprocessing = 0;
		};
/* End PBXSourcesBuildPhase section */

/* Begin PBXTargetDependency section */
		81A326542D53F12B002060D3 /* PBXTargetDependency */ = {
			isa = PBXTargetDependency;
			target = 81A326412D53F12A002060D3 /* petsApp */;
			targetProxy = 81A326532D53F12B002060D3 /* PBXContainerItemProxy */;
		};
		81A3265E2D53F12B002060D3 /* PBXTargetDependency */ = {
			isa = PBXTargetDependency;
			target = 81A326412D53F12A002060D3 /* petsApp */;
			targetProxy = 81A3265D2D53F12B002060D3 /* PBXContainerItemProxy */;
		};
/* End PBXTargetDependency section */

/* Begin XCBuildConfiguration section */
		81A326642D53F12B002060D3 /* Debug */ = {
			isa = XCBuildConfiguration;
			buildSettings = {
				ALWAYS_SEARCH_USER_PATHS = NO;
				ASSETCATALOG_COMPILER_GENERATE_SWIFT_ASSET_SYMBOL_EXTENSIONS = YES;
				CLANG_ANALYZER_NONNULL = YES;
				CLANG_ANALYZER_NUMBER_OBJECT_CONVERSION = YES_AGGRESSIVE;
				CLANG_CXX_LANGUAGE_STANDARD = "gnu++20";
				CLANG_ENABLE_MODULES = YES;
				CLANG_ENABLE_OBJC_ARC = YES;
				CLANG_ENABLE_OBJC_WEAK = YES;
				CLANG_WARN_BLOCK_CAPTURE_AUTORELEASING = YES;
				CLANG_WARN_BOOL_CONVERSION = YES;
				CLANG_WARN_COMMA = YES;
				CLANG_WARN_CONSTANT_CONVERSION = YES;
				CLANG_WARN_DEPRECATED_OBJC_IMPLEMENTATIONS = YES;
				CLANG_WARN_DIRECT_OBJC_ISA_USAGE = YES_ERROR;
				CLANG_WARN_DOCUMENTATION_COMMENTS = YES;
				CLANG_WARN_EMPTY_BODY = YES;
				CLANG_WARN_ENUM_CONVERSION = YES;
				CLANG_WARN_INFINITE_RECURSION = YES;
				CLANG_WARN_INT_CONVERSION = YES;
				CLANG_WARN_NON_LITERAL_NULL_CONVERSION = YES;
				CLANG_WARN_OBJC_IMPLICIT_RETAIN_SELF = YES;
				CLANG_WARN_OBJC_LITERAL_CONVERSION = YES;
				CLANG_WARN_OBJC_ROOT_CLASS = YES_ERROR;
				CLANG_WARN_QUOTED_INCLUDE_IN_FRAMEWORK_HEADER = YES;
				CLANG_WARN_RANGE_LOOP_ANALYSIS = YES;
				CLANG_WARN_STRICT_PROTOTYPES = YES;
				CLANG_WARN_SUSPICIOUS_MOVE = YES;
				CLANG_WARN_UNGUARDED_AVAILABILITY = YES_AGGRESSIVE;
				CLANG_WARN_UNREACHABLE_CODE = YES;
				CLANG_WARN__DUPLICATE_METHOD_MATCH = YES;
				COPY_PHASE_STRIP = NO;
				DEBUG_INFORMATION_FORMAT = dwarf;
				ENABLE_STRICT_OBJC_MSGSEND = YES;
				ENABLE_TESTABILITY = YES;
				ENABLE_USER_SCRIPT_SANDBOXING = YES;
				GCC_C_LANGUAGE_STANDARD = gnu17;
				GCC_DYNAMIC_NO_PIC = NO;
				GCC_NO_COMMON_BLOCKS = YES;
				GCC_OPTIMIZATION_LEVEL = 0;
				GCC_PREPROCESSOR_DEFINITIONS = (
					"DEBUG=1",
					"$(inherited)",
				);
				GCC_WARN_64_TO_32_BIT_CONVERSION = YES;
				GCC_WARN_ABOUT_RETURN_TYPE = YES_ERROR;
				GCC_WARN_UNDECLARED_SELECTOR = YES;
				GCC_WARN_UNINITIALIZED_AUTOS = YES_AGGRESSIVE;
				GCC_WARN_UNUSED_FUNCTION = YES;
				GCC_WARN_UNUSED_VARIABLE = YES;
				IPHONEOS_DEPLOYMENT_TARGET = 18.1;
				LOCALIZATION_PREFERS_STRING_CATALOGS = YES;
				MTL_ENABLE_DEBUG_INFO = INCLUDE_SOURCE;
				MTL_FAST_MATH = YES;
				ONLY_ACTIVE_ARCH = YES;
				SDKROOT = iphoneos;
				SWIFT_ACTIVE_COMPILATION_CONDITIONS = "DEBUG $(inherited)";
				SWIFT_OPTIMIZATION_LEVEL = "-Onone";
			};
			name = Debug;
		};
		81A326652D53F12B002060D3 /* Release */ = {
			isa = XCBuildConfiguration;
			buildSettings = {
				ALWAYS_SEARCH_USER_PATHS = NO;
				ASSETCATALOG_COMPILER_GENERATE_SWIFT_ASSET_SYMBOL_EXTENSIONS = YES;
				CLANG_ANALYZER_NONNULL = YES;
				CLANG_ANALYZER_NUMBER_OBJECT_CONVERSION = YES_AGGRESSIVE;
				CLANG_CXX_LANGUAGE_STANDARD = "gnu++20";
				CLANG_ENABLE_MODULES = YES;
				CLANG_ENABLE_OBJC_ARC = YES;
				CLANG_ENABLE_OBJC_WEAK = YES;
				CLANG_WARN_BLOCK_CAPTURE_AUTORELEASING = YES;
				CLANG_WARN_BOOL_CONVERSION = YES;
				CLANG_WARN_COMMA = YES;
				CLANG_WARN_CONSTANT_CONVERSION = YES;
				CLANG_WARN_DEPRECATED_OBJC_IMPLEMENTATIONS = YES;
				CLANG_WARN_DIRECT_OBJC_ISA_USAGE = YES_ERROR;
				CLANG_WARN_DOCUMENTATION_COMMENTS = YES;
				CLANG_WARN_EMPTY_BODY = YES;
				CLANG_WARN_ENUM_CONVERSION = YES;
				CLANG_WARN_INFINITE_RECURSION = YES;
				CLANG_WARN_INT_CONVERSION = YES;
				CLANG_WARN_NON_LITERAL_NULL_CONVERSION = YES;
				CLANG_WARN_OBJC_IMPLICIT_RETAIN_SELF = YES;
				CLANG_WARN_OBJC_LITERAL_CONVERSION = YES;
				CLANG_WARN_OBJC_ROOT_CLASS = YES_ERROR;
				CLANG_WARN_QUOTED_INCLUDE_IN_FRAMEWORK_HEADER = YES;
				CLANG_WARN_RANGE_LOOP_ANALYSIS = YES;
				CLANG_WARN_STRICT_PROTOTYPES = YES;
				CLANG_WARN_SUSPICIOUS_MOVE = YES;
				CLANG_WARN_UNGUARDED_AVAILABILITY = YES_AGGRESSIVE;
				CLANG_WARN_UNREACHABLE_CODE = YES;
				CLANG_WARN__DUPLICATE_METHOD_MATCH = YES;
				COPY_PHASE_STRIP = NO;
				DEBUG_INFORMATION_FORMAT = "dwarf-with-dsym";
				ENABLE_NS_ASSERTIONS = NO;
				ENABLE_STRICT_OBJC_MSGSEND = YES;
				ENABLE_USER_SCRIPT_SANDBOXING = YES;
				GCC_C_LANGUAGE_STANDARD = gnu17;
				GCC_NO_COMMON_BLOCKS = YES;
				GCC_WARN_64_TO_32_BIT_CONVERSION = YES;
				GCC_WARN_ABOUT_RETURN_TYPE = YES_ERROR;
				GCC_WARN_UNDECLARED_SELECTOR = YES;
				GCC_WARN_UNINITIALIZED_AUTOS = YES_AGGRESSIVE;
				GCC_WARN_UNUSED_FUNCTION = YES;
				GCC_WARN_UNUSED_VARIABLE = YES;
				IPHONEOS_DEPLOYMENT_TARGET = 18.1;
				LOCALIZATION_PREFERS_STRING_CATALOGS = YES;
				MTL_ENABLE_DEBUG_INFO = NO;
				MTL_FAST_MATH = YES;
				SDKROOT = iphoneos;
				SWIFT_COMPILATION_MODE = wholemodule;
				VALIDATE_PRODUCT = YES;
			};
			name = Release;
		};
		81A326672D53F12B002060D3 /* Debug */ = {
			isa = XCBuildConfiguration;
			buildSettings = {
				ASSETCATALOG_COMPILER_APPICON_NAME = AppIcon;
				ASSETCATALOG_COMPILER_GLOBAL_ACCENT_COLOR_NAME = AccentColor;
				CODE_SIGN_STYLE = Automatic;
				CURRENT_PROJECT_VERSION = 1;
				DEVELOPMENT_ASSET_PATHS = "\"petsApp/Preview Content\"";
				ENABLE_PREVIEWS = YES;
				GENERATE_INFOPLIST_FILE = YES;
				INFOPLIST_KEY_UIApplicationSceneManifest_Generation = YES;
				INFOPLIST_KEY_UIApplicationSupportsIndirectInputEvents = YES;
				INFOPLIST_KEY_UILaunchScreen_Generation = YES;
				INFOPLIST_KEY_UISupportedInterfaceOrientations_iPad = "UIInterfaceOrientationPortrait UIInterfaceOrientationPortraitUpsideDown UIInterfaceOrientationLandscapeLeft UIInterfaceOrientationLandscapeRight";
				INFOPLIST_KEY_UISupportedInterfaceOrientations_iPhone = "UIInterfaceOrientationPortrait UIInterfaceOrientationLandscapeLeft UIInterfaceOrientationLandscapeRight";
				LD_RUNPATH_SEARCH_PATHS = (
					"$(inherited)",
					"@executable_path/Frameworks",
				);
				MARKETING_VERSION = 1.0;
				PRODUCT_BUNDLE_IDENTIFIER = LC.dupla.petsApp;
				PRODUCT_NAME = "$(TARGET_NAME)";
				SWIFT_EMIT_LOC_STRINGS = YES;
				SWIFT_VERSION = 5.0;
				TARGETED_DEVICE_FAMILY = "1,2";
			};
			name = Debug;
		};
		81A326682D53F12B002060D3 /* Release */ = {
			isa = XCBuildConfiguration;
			buildSettings = {
				ASSETCATALOG_COMPILER_APPICON_NAME = AppIcon;
				ASSETCATALOG_COMPILER_GLOBAL_ACCENT_COLOR_NAME = AccentColor;
				CODE_SIGN_STYLE = Automatic;
				CURRENT_PROJECT_VERSION = 1;
				DEVELOPMENT_ASSET_PATHS = "\"petsApp/Preview Content\"";
				ENABLE_PREVIEWS = YES;
				GENERATE_INFOPLIST_FILE = YES;
				INFOPLIST_KEY_UIApplicationSceneManifest_Generation = YES;
				INFOPLIST_KEY_UIApplicationSupportsIndirectInputEvents = YES;
				INFOPLIST_KEY_UILaunchScreen_Generation = YES;
				INFOPLIST_KEY_UISupportedInterfaceOrientations_iPad = "UIInterfaceOrientationPortrait UIInterfaceOrientationPortraitUpsideDown UIInterfaceOrientationLandscapeLeft UIInterfaceOrientationLandscapeRight";
				INFOPLIST_KEY_UISupportedInterfaceOrientations_iPhone = "UIInterfaceOrientationPortrait UIInterfaceOrientationLandscapeLeft UIInterfaceOrientationLandscapeRight";
				LD_RUNPATH_SEARCH_PATHS = (
					"$(inherited)",
					"@executable_path/Frameworks",
				);
				MARKETING_VERSION = 1.0;
				PRODUCT_BUNDLE_IDENTIFIER = LC.dupla.petsApp;
				PRODUCT_NAME = "$(TARGET_NAME)";
				SWIFT_EMIT_LOC_STRINGS = YES;
				SWIFT_VERSION = 5.0;
				TARGETED_DEVICE_FAMILY = "1,2";
			};
			name = Release;
		};
		81A3266A2D53F12B002060D3 /* Debug */ = {
			isa = XCBuildConfiguration;
			buildSettings = {
				BUNDLE_LOADER = "$(TEST_HOST)";
				CODE_SIGN_STYLE = Automatic;
				CURRENT_PROJECT_VERSION = 1;
				GENERATE_INFOPLIST_FILE = YES;
				IPHONEOS_DEPLOYMENT_TARGET = 18.1;
				MARKETING_VERSION = 1.0;
				PRODUCT_BUNDLE_IDENTIFIER = LC.dupla.petsAppTests;
				PRODUCT_NAME = "$(TARGET_NAME)";
				SWIFT_EMIT_LOC_STRINGS = NO;
				SWIFT_VERSION = 5.0;
				TARGETED_DEVICE_FAMILY = "1,2";
				TEST_HOST = "$(BUILT_PRODUCTS_DIR)/petsApp.app/$(BUNDLE_EXECUTABLE_FOLDER_PATH)/petsApp";
			};
			name = Debug;
		};
		81A3266B2D53F12B002060D3 /* Release */ = {
			isa = XCBuildConfiguration;
			buildSettings = {
				BUNDLE_LOADER = "$(TEST_HOST)";
				CODE_SIGN_STYLE = Automatic;
				CURRENT_PROJECT_VERSION = 1;
				GENERATE_INFOPLIST_FILE = YES;
				IPHONEOS_DEPLOYMENT_TARGET = 18.1;
				MARKETING_VERSION = 1.0;
				PRODUCT_BUNDLE_IDENTIFIER = LC.dupla.petsAppTests;
				PRODUCT_NAME = "$(TARGET_NAME)";
				SWIFT_EMIT_LOC_STRINGS = NO;
				SWIFT_VERSION = 5.0;
				TARGETED_DEVICE_FAMILY = "1,2";
				TEST_HOST = "$(BUILT_PRODUCTS_DIR)/petsApp.app/$(BUNDLE_EXECUTABLE_FOLDER_PATH)/petsApp";
			};
			name = Release;
		};
		81A3266D2D53F12B002060D3 /* Debug */ = {
			isa = XCBuildConfiguration;
			buildSettings = {
				CODE_SIGN_STYLE = Automatic;
				CURRENT_PROJECT_VERSION = 1;
				GENERATE_INFOPLIST_FILE = YES;
				MARKETING_VERSION = 1.0;
				PRODUCT_BUNDLE_IDENTIFIER = LC.dupla.petsAppUITests;
				PRODUCT_NAME = "$(TARGET_NAME)";
				SWIFT_EMIT_LOC_STRINGS = NO;
				SWIFT_VERSION = 5.0;
				TARGETED_DEVICE_FAMILY = "1,2";
				TEST_TARGET_NAME = petsApp;
			};
			name = Debug;
		};
		81A3266E2D53F12B002060D3 /* Release */ = {
			isa = XCBuildConfiguration;
			buildSettings = {
				CODE_SIGN_STYLE = Automatic;
				CURRENT_PROJECT_VERSION = 1;
				GENERATE_INFOPLIST_FILE = YES;
				MARKETING_VERSION = 1.0;
				PRODUCT_BUNDLE_IDENTIFIER = LC.dupla.petsAppUITests;
				PRODUCT_NAME = "$(TARGET_NAME)";
				SWIFT_EMIT_LOC_STRINGS = NO;
				SWIFT_VERSION = 5.0;
				TARGETED_DEVICE_FAMILY = "1,2";
				TEST_TARGET_NAME = petsApp;
			};
			name = Release;
		};
/* End XCBuildConfiguration section */

/* Begin XCConfigurationList section */
		81A3263D2D53F12A002060D3 /* Build configuration list for PBXProject "petsApp" */ = {
			isa = XCConfigurationList;
			buildConfigurations = (
				81A326642D53F12B002060D3 /* Debug */,
				81A326652D53F12B002060D3 /* Release */,
			);
			defaultConfigurationIsVisible = 0;
			defaultConfigurationName = Release;
		};
		81A326662D53F12B002060D3 /* Build configuration list for PBXNativeTarget "petsApp" */ = {
			isa = XCConfigurationList;
			buildConfigurations = (
				81A326672D53F12B002060D3 /* Debug */,
				81A326682D53F12B002060D3 /* Release */,
			);
			defaultConfigurationIsVisible = 0;
			defaultConfigurationName = Release;
		};
		81A326692D53F12B002060D3 /* Build configuration list for PBXNativeTarget "petsAppTests" */ = {
			isa = XCConfigurationList;
			buildConfigurations = (
				81A3266A2D53F12B002060D3 /* Debug */,
				81A3266B2D53F12B002060D3 /* Release */,
			);
			defaultConfigurationIsVisible = 0;
			defaultConfigurationName = Release;
		};
		81A3266C2D53F12B002060D3 /* Build configuration list for PBXNativeTarget "petsAppUITests" */ = {
			isa = XCConfigurationList;
			buildConfigurations = (
				81A3266D2D53F12B002060D3 /* Debug */,
				81A3266E2D53F12B002060D3 /* Release */,
			);
			defaultConfigurationIsVisible = 0;
			defaultConfigurationName = Release;
		};
/* End XCConfigurationList section */
	};
	rootObject = 81A3263A2D53F12A002060D3 /* Project object */;
}
